// !$*UTF8*$!
{
	archiveVersion = 1;
	classes = {
	};
	objectVersion = 50;
	objects = {

/* Begin PBXBuildFile section */
		186EFFA9276B03D80004FA1F /* AppDelegate.swift in Sources */ = {isa = PBXBuildFile; fileRef = 186EFFA8276B03D80004FA1F /* AppDelegate.swift */; };
		186EFFAB276B03D80004FA1F /* SceneDelegate.swift in Sources */ = {isa = PBXBuildFile; fileRef = 186EFFAA276B03D80004FA1F /* SceneDelegate.swift */; };
		186EFFAD276B03D80004FA1F /* ContentView.swift in Sources */ = {isa = PBXBuildFile; fileRef = 186EFFAC276B03D80004FA1F /* ContentView.swift */; };
		186EFFAF276B03DD0004FA1F /* Assets.xcassets in Resources */ = {isa = PBXBuildFile; fileRef = 186EFFAE276B03DD0004FA1F /* Assets.xcassets */; };
		186EFFB2276B03DD0004FA1F /* Preview Assets.xcassets in Resources */ = {isa = PBXBuildFile; fileRef = 186EFFB1276B03DD0004FA1F /* Preview Assets.xcassets */; };
		186EFFB5276B03DD0004FA1F /* LaunchScreen.storyboard in Resources */ = {isa = PBXBuildFile; fileRef = 186EFFB3276B03DD0004FA1F /* LaunchScreen.storyboard */; };
/* End PBXBuildFile section */

/* Begin PBXFileReference section */
		186EFFA5276B03D80004FA1F /* Beautify_SwiftUI.app */ = {isa = PBXFileReference; explicitFileType = wrapper.application; includeInIndex = 0; path = Beautify_SwiftUI.app; sourceTree = BUILT_PRODUCTS_DIR; };
		186EFFA8276B03D80004FA1F /* AppDelegate.swift */ = {isa = PBXFileReference; lastKnownFileType = sourcecode.swift; path = AppDelegate.swift; sourceTree = "<group>"; };
		186EFFAA276B03D80004FA1F /* SceneDelegate.swift */ = {isa = PBXFileReference; lastKnownFileType = sourcecode.swift; path = SceneDelegate.swift; sourceTree = "<group>"; };
		186EFFAC276B03D80004FA1F /* ContentView.swift */ = {isa = PBXFileReference; lastKnownFileType = sourcecode.swift; path = ContentView.swift; sourceTree = "<group>"; };
		186EFFAE276B03DD0004FA1F /* Assets.xcassets */ = {isa = PBXFileReference; lastKnownFileType = folder.assetcatalog; path = Assets.xcassets; sourceTree = "<group>"; };
		186EFFB1276B03DD0004FA1F /* Preview Assets.xcassets */ = {isa = PBXFileReference; lastKnownFileType = folder.assetcatalog; path = "Preview Assets.xcassets"; sourceTree = "<group>"; };
		186EFFB4276B03DD0004FA1F /* Base */ = {isa = PBXFileReference; lastKnownFileType = file.storyboard; name = Base; path = Base.lproj/LaunchScreen.storyboard; sourceTree = "<group>"; };
		186EFFB6276B03DD0004FA1F /* Info.plist */ = {isa = PBXFileReference; lastKnownFileType = text.plist.xml; path = Info.plist; sourceTree = "<group>"; };
/* End PBXFileReference section */

/* Begin PBXFrameworksBuildPhase section */
		186EFFA2276B03D80004FA1F /* Frameworks */ = {
			isa = PBXFrameworksBuildPhase;
			buildActionMask = 2147483647;
			files = (
			);
			runOnlyForDeploymentPostprocessing = 0;
		};
/* End PBXFrameworksBuildPhase section */

/* Begin PBXGroup section */
		186EFF9C276B03D80004FA1F = {
			isa = PBXGroup;
			children = (
				186EFFA7276B03D80004FA1F /* Beautify_SwiftUI */,
				186EFFA6276B03D80004FA1F /* Products */,
			);
			sourceTree = "<group>";
		};
		186EFFA6276B03D80004FA1F /* Products */ = {
			isa = PBXGroup;
			children = (
				186EFFA5276B03D80004FA1F /* Beautify_SwiftUI.app */,
			);
			name = Products;
			sourceTree = "<group>";
		};
		186EFFA7276B03D80004FA1F /* Beautify_SwiftUI */ = {
			isa = PBXGroup;
			children = (
				186EFFA8276B03D80004FA1F /* AppDelegate.swift */,
				186EFFAA276B03D80004FA1F /* SceneDelegate.swift */,
				186EFFAC276B03D80004FA1F /* ContentView.swift */,
				186EFFAE276B03DD0004FA1F /* Assets.xcassets */,
				186EFFB3276B03DD0004FA1F /* LaunchScreen.storyboard */,
				186EFFB6276B03DD0004FA1F /* Info.plist */,
				186EFFB0276B03DD0004FA1F /* Preview Content */,
			);
			path = Beautify_SwiftUI;
			sourceTree = "<group>";
		};
		186EFFB0276B03DD0004FA1F /* Preview Content */ = {
			isa = PBXGroup;
			children = (
				186EFFB1276B03DD0004FA1F /* Preview Assets.xcassets */,
			);
			path = "Preview Content";
			sourceTree = "<group>";
		};
/* End PBXGroup section */

/* Begin PBXNativeTarget section */
		186EFFA4276B03D80004FA1F /* Beautify_SwiftUI */ = {
			isa = PBXNativeTarget;
			buildConfigurationList = 186EFFB9276B03DD0004FA1F /* Build configuration list for PBXNativeTarget "Beautify_SwiftUI" */;
			buildPhases = (
				186EFFA1276B03D80004FA1F /* Sources */,
				186EFFA2276B03D80004FA1F /* Frameworks */,
				186EFFA3276B03D80004FA1F /* Resources */,
			);
			buildRules = (
			);
			dependencies = (
			);
			name = Beautify_SwiftUI;
			productName = Beautify_SwiftUI;
			productReference = 186EFFA5276B03D80004FA1F /* Beautify_SwiftUI.app */;
			productType = "com.apple.product-type.application";
		};
/* End PBXNativeTarget section */

/* Begin PBXProject section */
		186EFF9D276B03D80004FA1F /* Project object */ = {
			isa = PBXProject;
			attributes = {
				LastSwiftUpdateCheck = 1250;
				LastUpgradeCheck = 1250;
				TargetAttributes = {
					186EFFA4276B03D80004FA1F = {
						CreatedOnToolsVersion = 12.5.1;
					};
				};
			};
			buildConfigurationList = 186EFFA0276B03D80004FA1F /* Build configuration list for PBXProject "Beautify_SwiftUI" */;
			compatibilityVersion = "Xcode 9.3";
			developmentRegion = en;
			hasScannedForEncodings = 0;
			knownRegions = (
				en,
				Base,
			);
			mainGroup = 186EFF9C276B03D80004FA1F;
			productRefGroup = 186EFFA6276B03D80004FA1F /* Products */;
			projectDirPath = "";
			projectRoot = "";
			targets = (
				186EFFA4276B03D80004FA1F /* Beautify_SwiftUI */,
			);
		};
/* End PBXProject section */

/* Begin PBXResourcesBuildPhase section */
		186EFFA3276B03D80004FA1F /* Resources */ = {
			isa = PBXResourcesBuildPhase;
			buildActionMask = 2147483647;
			files = (
				186EFFB5276B03DD0004FA1F /* LaunchScreen.storyboard in Resources */,
				186EFFB2276B03DD0004FA1F /* Preview Assets.xcassets in Resources */,
				186EFFAF276B03DD0004FA1F /* Assets.xcassets in Resources */,
			);
			runOnlyForDeploymentPostprocessing = 0;
		};
/* End PBXResourcesBuildPhase section */

/* Begin PBXSourcesBuildPhase section */
		186EFFA1276B03D80004FA1F /* Sources */ = {
			isa = PBXSourcesBuildPhase;
			buildActionMask = 2147483647;
			files = (
				186EFFA9276B03D80004FA1F /* AppDelegate.swift in Sources */,
				186EFFAB276B03D80004FA1F /* SceneDelegate.swift in Sources */,
				186EFFAD276B03D80004FA1F /* ContentView.swift in Sources */,
			);
			runOnlyForDeploymentPostprocessing = 0;
		};
/* End PBXSourcesBuildPhase section */

/* Begin PBXVariantGroup section */
		186EFFB3276B03DD0004FA1F /* LaunchScreen.storyboard */ = {
			isa = PBXVariantGroup;
			children = (
				186EFFB4276B03DD0004FA1F /* Base */,
			);
			name = LaunchScreen.storyboard;
			sourceTree = "<group>";
		};
/* End PBXVariantGroup section */

/* Begin XCBuildConfiguration section */
		186EFFB7276B03DD0004FA1F /* Debug */ = {
			isa = XCBuildConfiguration;
			buildSettings = {
				ALWAYS_SEARCH_USER_PATHS = NO;
				CLANG_ANALYZER_NONNULL = YES;
				CLANG_ANALYZER_NUMBER_OBJECT_CONVERSION = YES_AGGRESSIVE;
				CLANG_CXX_LANGUAGE_STANDARD = "gnu++14";
				CLANG_CXX_LIBRARY = "libc++";
				CLANG_ENABLE_MODULES = YES;
				CLANG_ENABLE_OBJC_ARC = YES;
				CLANG_ENABLE_OBJC_WEAK = YES;
				CLANG_WARN_BLOCK_CAPTURE_AUTORELEASING = YES;
				CLANG_WARN_BOOL_CONVERSION = YES;
				CLANG_WARN_COMMA = YES;
				CLANG_WARN_CONSTANT_CONVERSION = YES;
				CLANG_WARN_DEPRECATED_OBJC_IMPLEMENTATIONS = YES;
				CLANG_WARN_DIRECT_OBJC_ISA_USAGE = YES_ERROR;
				CLANG_WARN_DOCUMENTATION_COMMENTS = YES;
				CLANG_WARN_EMPTY_BODY = YES;
				CLANG_WARN_ENUM_CONVERSION = YES;
				CLANG_WARN_INFINITE_RECURSION = YES;
				CLANG_WARN_INT_CONVERSION = YES;
				CLANG_WARN_NON_LITERAL_NULL_CONVERSION = YES;
				CLANG_WARN_OBJC_IMPLICIT_RETAIN_SELF = YES;
				CLANG_WARN_OBJC_LITERAL_CONVERSION = YES;
				CLANG_WARN_OBJC_ROOT_CLASS = YES_ERROR;
				CLANG_WARN_QUOTED_INCLUDE_IN_FRAMEWORK_HEADER = YES;
				CLANG_WARN_RANGE_LOOP_ANALYSIS = YES;
				CLANG_WARN_STRICT_PROTOTYPES = YES;
				CLANG_WARN_SUSPICIOUS_MOVE = YES;
				CLANG_WARN_UNGUARDED_AVAILABILITY = YES_AGGRESSIVE;
				CLANG_WARN_UNREACHABLE_CODE = YES;
				CLANG_WARN__DUPLICATE_METHOD_MATCH = YES;
				COPY_PHASE_STRIP = NO;
				DEBUG_INFORMATION_FORMAT = dwarf;
				ENABLE_STRICT_OBJC_MSGSEND = YES;
				ENABLE_TESTABILITY = YES;
				GCC_C_LANGUAGE_STANDARD = gnu11;
				GCC_DYNAMIC_NO_PIC = NO;
				GCC_NO_COMMON_BLOCKS = YES;
				GCC_OPTIMIZATION_LEVEL = 0;
				GCC_PREPROCESSOR_DEFINITIONS = (
					"DEBUG=1",
					"$(inherited)",
				);
				GCC_WARN_64_TO_32_BIT_CONVERSION = YES;
				GCC_WARN_ABOUT_RETURN_TYPE = YES_ERROR;
				GCC_WARN_UNDECLARED_SELECTOR = YES;
				GCC_WARN_UNINITIALIZED_AUTOS = YES_AGGRESSIVE;
				GCC_WARN_UNUSED_FUNCTION = YES;
				GCC_WARN_UNUSED_VARIABLE = YES;
				IPHONEOS_DEPLOYMENT_TARGET = 14.5;
				MTL_ENABLE_DEBUG_INFO = INCLUDE_SOURCE;
				MTL_FAST_MATH = YES;
				ONLY_ACTIVE_ARCH = YES;
				SDKROOT = iphoneos;
				SWIFT_ACTIVE_COMPILATION_CONDITIONS = DEBUG;
				SWIFT_OPTIMIZATION_LEVEL = "-Onone";
			};
			name = Debug;
		};
		186EFFB8276B03DD0004FA1F /* Release */ = {
			isa = XCBuildConfiguration;
			buildSettings = {
				ALWAYS_SEARCH_USER_PATHS = NO;
				CLANG_ANALYZER_NONNULL = YES;
				CLANG_ANALYZER_NUMBER_OBJECT_CONVERSION = YES_AGGRESSIVE;
				CLANG_CXX_LANGUAGE_STANDARD = "gnu++14";
				CLANG_CXX_LIBRARY = "libc++";
				CLANG_ENABLE_MODULES = YES;
				CLANG_ENABLE_OBJC_ARC = YES;
				CLANG_ENABLE_OBJC_WEAK = YES;
				CLANG_WARN_BLOCK_CAPTURE_AUTORELEASING = YES;
				CLANG_WARN_BOOL_CONVERSION = YES;
				CLANG_WARN_COMMA = YES;
				CLANG_WARN_CONSTANT_CONVERSION = YES;
				CLANG_WARN_DEPRECATED_OBJC_IMPLEMENTATIONS = YES;
				CLANG_WARN_DIRECT_OBJC_ISA_USAGE = YES_ERROR;
				CLANG_WARN_DOCUMENTATION_COMMENTS = YES;
				CLANG_WARN_EMPTY_BODY = YES;
				CLANG_WARN_ENUM_CONVERSION = YES;
				CLANG_WARN_INFINITE_RECURSION = YES;
				CLANG_WARN_INT_CONVERSION = YES;
				CLANG_WARN_NON_LITERAL_NULL_CONVERSION = YES;
				CLANG_WARN_OBJC_IMPLICIT_RETAIN_SELF = YES;
				CLANG_WARN_OBJC_LITERAL_CONVERSION = YES;
				CLANG_WARN_OBJC_ROOT_CLASS = YES_ERROR;
				CLANG_WARN_QUOTED_INCLUDE_IN_FRAMEWORK_HEADER = YES;
				CLANG_WARN_RANGE_LOOP_ANALYSIS = YES;
				CLANG_WARN_STRICT_PROTOTYPES = YES;
				CLANG_WARN_SUSPICIOUS_MOVE = YES;
				CLANG_WARN_UNGUARDED_AVAILABILITY = YES_AGGRESSIVE;
				CLANG_WARN_UNREACHABLE_CODE = YES;
				CLANG_WARN__DUPLICATE_METHOD_MATCH = YES;
				COPY_PHASE_STRIP = NO;
				DEBUG_INFORMATION_FORMAT = "dwarf-with-dsym";
				ENABLE_NS_ASSERTIONS = NO;
				ENABLE_STRICT_OBJC_MSGSEND = YES;
				GCC_C_LANGUAGE_STANDARD = gnu11;
				GCC_NO_COMMON_BLOCKS = YES;
				GCC_WARN_64_TO_32_BIT_CONVERSION = YES;
				GCC_WARN_ABOUT_RETURN_TYPE = YES_ERROR;
				GCC_WARN_UNDECLARED_SELECTOR = YES;
				GCC_WARN_UNINITIALIZED_AUTOS = YES_AGGRESSIVE;
				GCC_WARN_UNUSED_FUNCTION = YES;
				GCC_WARN_UNUSED_VARIABLE = YES;
				IPHONEOS_DEPLOYMENT_TARGET = 14.5;
				MTL_ENABLE_DEBUG_INFO = NO;
				MTL_FAST_MATH = YES;
				SDKROOT = iphoneos;
				SWIFT_COMPILATION_MODE = wholemodule;
				SWIFT_OPTIMIZATION_LEVEL = "-O";
				VALIDATE_PRODUCT = YES;
			};
			name = Release;
		};
		186EFFBA276B03DD0004FA1F /* Debug */ = {
			isa = XCBuildConfiguration;
			buildSettings = {
				ASSETCATALOG_COMPILER_APPICON_NAME = AppIcon;
				ASSETCATALOG_COMPILER_GLOBAL_ACCENT_COLOR_NAME = AccentColor;
				CODE_SIGN_STYLE = Automatic;
				DEVELOPMENT_ASSET_PATHS = "\"Beautify_SwiftUI/Preview Content\"";
				DEVELOPMENT_TEAM = HQDKNY8H78;
				ENABLE_PREVIEWS = YES;
				INFOPLIST_FILE = Beautify_SwiftUI/Info.plist;
				LD_RUNPATH_SEARCH_PATHS = (
					"$(inherited)",
					"@executable_path/Frameworks",
				);
				PRODUCT_BUNDLE_IDENTIFIER = "Arihant.Beautify-SwiftUI";
				PRODUCT_NAME = "$(TARGET_NAME)";
				SWIFT_VERSION = 5.0;
				TARGETED_DEVICE_FAMILY = "1,2";
			};
			name = Debug;
		};
		186EFFBB276B03DD0004FA1F /* Release */ = {
			isa = XCBuildConfiguration;
			buildSettings = {
				ASSETCATALOG_COMPILER_APPICON_NAME = AppIcon;
				ASSETCATALOG_COMPILER_GLOBAL_ACCENT_COLOR_NAME = AccentColor;
				CODE_SIGN_STYLE = Automatic;
				DEVELOPMENT_ASSET_PATHS = "\"Beautify_SwiftUI/Preview Content\"";
				DEVELOPMENT_TEAM = HQDKNY8H78;
				ENABLE_PREVIEWS = YES;
				INFOPLIST_FILE = Beautify_SwiftUI/Info.plist;
				LD_RUNPATH_SEARCH_PATHS = (
					"$(inherited)",
					"@executable_path/Frameworks",
				);
				PRODUCT_BUNDLE_IDENTIFIER = "Arihant.Beautify-SwiftUI";
				PRODUCT_NAME = "$(TARGET_NAME)";
				SWIFT_VERSION = 5.0;
				TARGETED_DEVICE_FAMILY = "1,2";
			};
			name = Release;
		};
/* End XCBuildConfiguration section */

/* Begin XCConfigurationList section */
		186EFFA0276B03D80004FA1F /* Build configuration list for PBXProject "Beautify_SwiftUI" */ = {
			isa = XCConfigurationList;
			buildConfigurations = (
				186EFFB7276B03DD0004FA1F /* Debug */,
				186EFFB8276B03DD0004FA1F /* Release */,
			);
			defaultConfigurationIsVisible = 0;
			defaultConfigurationName = Release;
		};
		186EFFB9276B03DD0004FA1F /* Build configuration list for PBXNativeTarget "Beautify_SwiftUI" */ = {
			isa = XCConfigurationList;
			buildConfigurations = (
				186EFFBA276B03DD0004FA1F /* Debug */,
				186EFFBB276B03DD0004FA1F /* Release */,
			);
			defaultConfigurationIsVisible = 0;
			defaultConfigurationName = Release;
		};
/* End XCConfigurationList section */
	};
	rootObject = 186EFF9D276B03D80004FA1F /* Project object */;
}
